
Microsoft Visual Studio Solution File, Format Version 12.00
# Visual Studio 15
VisualStudioVersion = 15.0.27004.2009
MinimumVisualStudioVersion = 10.0.40219.1
Project("{FAE04EC0-301F-11D3-BF4B-00C04F79EFBC}") = "Odbc", "Odbc\Odbc.csproj", "{7731C2C8-42F5-4646-8C81-F65193E051BC}"
EndProject
Project("{FAE04EC0-301F-11D3-BF4B-00C04F79EFBC}") = "EF", "EF\EF.csproj", "{C19E824D-C0F3-4844-AB13-25912A6EA62D}"
EndProject
Project("{FAE04EC0-301F-11D3-BF4B-00C04F79EFBC}") = "K19", "K19\K19.csproj", "{BCC44891-3735-4DC4-9D3A-3D90A074EDB1}"
EndProject
Project("{FAE04EC0-301F-11D3-BF4B-00C04F79EFBC}") = "CamadaDeApresentacao", "CamadaDeApresentacao\CamadaDeApresentacao.csproj", "{433C2338-48BF-4E42-9D27-BDA08AF901FA}"
EndProject
Project("{FAE04EC0-301F-11D3-BF4B-00C04F79EFBC}") = "CamadaDeControle", "CamadaDeControle\CamadaDeControle.csproj", "{05312EEB-6556-4EF3-9022-3764779AC1BA}"
EndProject
Global
	GlobalSection(SolutionConfigurationPlatforms) = preSolution
		Debug|Any CPU = Debug|Any CPU
		Release|Any CPU = Release|Any CPU
	EndGlobalSection
	GlobalSection(ProjectConfigurationPlatforms) = postSolution
		{7731C2C8-42F5-4646-8C81-F65193E051BC}.Debug|Any CPU.ActiveCfg = Debug|Any CPU
		{7731C2C8-42F5-4646-8C81-F65193E051BC}.Debug|Any CPU.Build.0 = Debug|Any CPU
		{7731C2C8-42F5-4646-8C81-F65193E051BC}.Release|Any CPU.ActiveCfg = Release|Any CPU
		{7731C2C8-42F5-4646-8C81-F65193E051BC}.Release|Any CPU.Build.0 = Release|Any CPU
		{C19E824D-C0F3-4844-AB13-25912A6EA62D}.Debug|Any CPU.ActiveCfg = Debug|Any CPU
		{C19E824D-C0F3-4844-AB13-25912A6EA62D}.Debug|Any CPU.Build.0 = Debug|Any CPU
		{C19E824D-C0F3-4844-AB13-25912A6EA62D}.Release|Any CPU.ActiveCfg = Release|Any CPU
		{C19E824D-C0F3-4844-AB13-25912A6EA62D}.Release|Any CPU.Build.0 = Release|Any CPU
		{BCC44891-3735-4DC4-9D3A-3D90A074EDB1}.Debug|Any CPU.ActiveCfg = Debug|Any CPU
		{BCC44891-3735-4DC4-9D3A-3D90A074EDB1}.Debug|Any CPU.Build.0 = Debug|Any CPU
		{BCC44891-3735-4DC4-9D3A-3D90A074EDB1}.Release|Any CPU.ActiveCfg = Release|Any CPU
		{BCC44891-3735-4DC4-9D3A-3D90A074EDB1}.Release|Any CPU.Build.0 = Release|Any CPU
		{433C2338-48BF-4E42-9D27-BDA08AF901FA}.Debug|Any CPU.ActiveCfg = Debug|Any CPU
		{433C2338-48BF-4E42-9D27-BDA08AF901FA}.Debug|Any CPU.Build.0 = Debug|Any CPU
		{433C2338-48BF-4E42-9D27-BDA08AF901FA}.Release|Any CPU.ActiveCfg = Release|Any CPU
		{433C2338-48BF-4E42-9D27-BDA08AF901FA}.Release|Any CPU.Build.0 = Release|Any CPU
		{05312EEB-6556-4EF3-9022-3764779AC1BA}.Debug|Any CPU.ActiveCfg = Debug|Any CPU
		{05312EEB-6556-4EF3-9022-3764779AC1BA}.Debug|Any CPU.Build.0 = Debug|Any CPU
		{05312EEB-6556-4EF3-9022-3764779AC1BA}.Release|Any CPU.ActiveCfg = Release|Any CPU
		{05312EEB-6556-4EF3-9022-3764779AC1BA}.Release|Any CPU.Build.0 = Release|Any CPU
	EndGlobalSection
	GlobalSection(SolutionProperties) = preSolution
		HideSolutionNode = FALSE
	EndGlobalSection
	GlobalSection(ExtensibilityGlobals) = postSolution
		SolutionGuid = {4B9A4030-0FF9-437D-9952-D2CEB1525FE9}
	EndGlobalSection
EndGlobal
